// !$*UTF8*$!
{
	archiveVersion = 1;
	classes = {
	};
	objectVersion = 56;
	objects = {

/* Begin PBXBuildFile section */
		0437712C2A371411006C2233 /* AppDelegate.swift in Sources */ = {isa = PBXBuildFile; fileRef = 0437712B2A371411006C2233 /* AppDelegate.swift */; };
		0437712E2A371411006C2233 /* SceneDelegate.swift in Sources */ = {isa = PBXBuildFile; fileRef = 0437712D2A371411006C2233 /* SceneDelegate.swift */; };
		043771302A371411006C2233 /* ViewController.swift in Sources */ = {isa = PBXBuildFile; fileRef = 0437712F2A371411006C2233 /* ViewController.swift */; };
		043771332A371411006C2233 /* Main.storyboard in Resources */ = {isa = PBXBuildFile; fileRef = 043771312A371411006C2233 /* Main.storyboard */; };
		043771362A371411006C2233 /* Shopify.xcdatamodeld in Sources */ = {isa = PBXBuildFile; fileRef = 043771342A371411006C2233 /* Shopify.xcdatamodeld */; };
		043771382A371413006C2233 /* Assets.xcassets in Resources */ = {isa = PBXBuildFile; fileRef = 043771372A371413006C2233 /* Assets.xcassets */; };
		0437713B2A371413006C2233 /* LaunchScreen.storyboard in Resources */ = {isa = PBXBuildFile; fileRef = 043771392A371413006C2233 /* LaunchScreen.storyboard */; };
		043771462A371414006C2233 /* ShopifyTests.swift in Sources */ = {isa = PBXBuildFile; fileRef = 043771452A371414006C2233 /* ShopifyTests.swift */; };
		043771502A371414006C2233 /* ShopifyUITests.swift in Sources */ = {isa = PBXBuildFile; fileRef = 0437714F2A371414006C2233 /* ShopifyUITests.swift */; };
		043771522A371414006C2233 /* ShopifyUITestsLaunchTests.swift in Sources */ = {isa = PBXBuildFile; fileRef = 043771512A371414006C2233 /* ShopifyUITestsLaunchTests.swift */; };
		043771612A37160C006C2233 /* MyEndPoints.swift in Sources */ = {isa = PBXBuildFile; fileRef = 043771602A37160C006C2233 /* MyEndPoints.swift */; };
		043771632A371619006C2233 /* MyNetwork.swift in Sources */ = {isa = PBXBuildFile; fileRef = 043771622A371619006C2233 /* MyNetwork.swift */; };
		043771652A371626006C2233 /* MyNetworkProtocol.swift in Sources */ = {isa = PBXBuildFile; fileRef = 043771642A371626006C2233 /* MyNetworkProtocol.swift */; };
		043771682A371641006C2233 /* DBManger.swift in Sources */ = {isa = PBXBuildFile; fileRef = 043771672A371641006C2233 /* DBManger.swift */; };
		043771722A371695006C2233 /* CustomerModel.swift in Sources */ = {isa = PBXBuildFile; fileRef = 043771712A371695006C2233 /* CustomerModel.swift */; };
		043771752A3716CE006C2233 /* ProductInfo.swift in Sources */ = {isa = PBXBuildFile; fileRef = 043771742A3716CE006C2233 /* ProductInfo.swift */; };
		04DE934F2A371C5B0084F21B /* Kingfisher in Frameworks */ = {isa = PBXBuildFile; productRef = 04DE934E2A371C5B0084F21B /* Kingfisher */; };
		04DE93552A371D150084F21B /* Cosmos in Frameworks */ = {isa = PBXBuildFile; productRef = 04DE93542A371D150084F21B /* Cosmos */; };
		04DE93582A371DC30084F21B /* Alamofire in Frameworks */ = {isa = PBXBuildFile; productRef = 04DE93572A371DC30084F21B /* Alamofire */; };
		04DE935B2A371EA40084F21B /* Reachability in Frameworks */ = {isa = PBXBuildFile; productRef = 04DE935A2A371EA40084F21B /* Reachability */; };
		04DE93642A37234B0084F21B /* Network.swift in Sources */ = {isa = PBXBuildFile; fileRef = 04DE935D2A37234A0084F21B /* Network.swift */; };
		04DE93652A37234B0084F21B /* NetworkProtocol.swift in Sources */ = {isa = PBXBuildFile; fileRef = 04DE935E2A37234A0084F21B /* NetworkProtocol.swift */; };
		04DE93662A37234B0084F21B /* RegisterViewModel.swift in Sources */ = {isa = PBXBuildFile; fileRef = 04DE93612A37234A0084F21B /* RegisterViewModel.swift */; };
		04DE93672A37234B0084F21B /* LoginViewModel.swift in Sources */ = {isa = PBXBuildFile; fileRef = 04DE93632A37234A0084F21B /* LoginViewModel.swift */; };
		04DE936F2A3723DE0084F21B /* WelcomeVC.swift in Sources */ = {isa = PBXBuildFile; fileRef = 04DE936A2A3723DE0084F21B /* WelcomeVC.swift */; };
		04DE93702A3723DE0084F21B /* LoginVC.swift in Sources */ = {isa = PBXBuildFile; fileRef = 04DE936C2A3723DE0084F21B /* LoginVC.swift */; };
		04DE93712A3723DE0084F21B /* RegisterVC.swift in Sources */ = {isa = PBXBuildFile; fileRef = 04DE936E2A3723DE0084F21B /* RegisterVC.swift */; };
		04DE93732A3724690084F21B /* Auth.storyboard in Resources */ = {isa = PBXBuildFile; fileRef = 04DE93722A3724690084F21B /* Auth.storyboard */; };
		04DE93762A3725500084F21B /* ProductInfoViewModel.swift in Sources */ = {isa = PBXBuildFile; fileRef = 04DE93752A3725500084F21B /* ProductInfoViewModel.swift */; };
		04DE93792A3725890084F21B /* ProductInfo.storyboard in Resources */ = {isa = PBXBuildFile; fileRef = 04DE93782A3725890084F21B /* ProductInfo.storyboard */; };
		04DE93802A37260D0084F21B /* ProductImgCell.swift in Sources */ = {isa = PBXBuildFile; fileRef = 04DE937B2A37260D0084F21B /* ProductImgCell.swift */; };
		04DE93812A37260D0084F21B /* ReviewsCell.swift in Sources */ = {isa = PBXBuildFile; fileRef = 04DE937C2A37260D0084F21B /* ReviewsCell.swift */; };
		04DE93822A37260D0084F21B /* ReviewsCell.xib in Resources */ = {isa = PBXBuildFile; fileRef = 04DE937D2A37260D0084F21B /* ReviewsCell.xib */; };
		04DE93832A37260D0084F21B /* ProductInfoVC.swift in Sources */ = {isa = PBXBuildFile; fileRef = 04DE937E2A37260D0084F21B /* ProductInfoVC.swift */; };
		04DE93842A37260D0084F21B /* ReviewsVC.swift in Sources */ = {isa = PBXBuildFile; fileRef = 04DE937F2A37260D0084F21B /* ReviewsVC.swift */; };
		04DE93872A3726F50084F21B /* Utilites.swift in Sources */ = {isa = PBXBuildFile; fileRef = 04DE93862A3726F50084F21B /* Utilites.swift */; };
/* End PBXBuildFile section */

/* Begin PBXContainerItemProxy section */
		043771422A371414006C2233 /* PBXContainerItemProxy */ = {
			isa = PBXContainerItemProxy;
			containerPortal = 043771202A371411006C2233 /* Project object */;
			proxyType = 1;
			remoteGlobalIDString = 043771272A371411006C2233;
			remoteInfo = Shopify;
		};
		0437714C2A371414006C2233 /* PBXContainerItemProxy */ = {
			isa = PBXContainerItemProxy;
			containerPortal = 043771202A371411006C2233 /* Project object */;
			proxyType = 1;
			remoteGlobalIDString = 043771272A371411006C2233;
			remoteInfo = Shopify;
		};
/* End PBXContainerItemProxy section */

/* Begin PBXFileReference section */
		043771282A371411006C2233 /* Shopify.app */ = {isa = PBXFileReference; explicitFileType = wrapper.application; includeInIndex = 0; path = Shopify.app; sourceTree = BUILT_PRODUCTS_DIR; };
		0437712B2A371411006C2233 /* AppDelegate.swift */ = {isa = PBXFileReference; lastKnownFileType = sourcecode.swift; path = AppDelegate.swift; sourceTree = "<group>"; };
		0437712D2A371411006C2233 /* SceneDelegate.swift */ = {isa = PBXFileReference; lastKnownFileType = sourcecode.swift; path = SceneDelegate.swift; sourceTree = "<group>"; };
		0437712F2A371411006C2233 /* ViewController.swift */ = {isa = PBXFileReference; lastKnownFileType = sourcecode.swift; path = ViewController.swift; sourceTree = "<group>"; };
		043771322A371411006C2233 /* Base */ = {isa = PBXFileReference; lastKnownFileType = file.storyboard; name = Base; path = Base.lproj/Main.storyboard; sourceTree = "<group>"; };
		043771352A371411006C2233 /* Shopify.xcdatamodel */ = {isa = PBXFileReference; lastKnownFileType = wrapper.xcdatamodel; path = Shopify.xcdatamodel; sourceTree = "<group>"; };
		043771372A371413006C2233 /* Assets.xcassets */ = {isa = PBXFileReference; lastKnownFileType = folder.assetcatalog; path = Assets.xcassets; sourceTree = "<group>"; };
		0437713A2A371413006C2233 /* Base */ = {isa = PBXFileReference; lastKnownFileType = file.storyboard; name = Base; path = Base.lproj/LaunchScreen.storyboard; sourceTree = "<group>"; };
		0437713C2A371413006C2233 /* Info.plist */ = {isa = PBXFileReference; lastKnownFileType = text.plist.xml; path = Info.plist; sourceTree = "<group>"; };
		043771412A371414006C2233 /* ShopifyTests.xctest */ = {isa = PBXFileReference; explicitFileType = wrapper.cfbundle; includeInIndex = 0; path = ShopifyTests.xctest; sourceTree = BUILT_PRODUCTS_DIR; };
		043771452A371414006C2233 /* ShopifyTests.swift */ = {isa = PBXFileReference; lastKnownFileType = sourcecode.swift; path = ShopifyTests.swift; sourceTree = "<group>"; };
		0437714B2A371414006C2233 /* ShopifyUITests.xctest */ = {isa = PBXFileReference; explicitFileType = wrapper.cfbundle; includeInIndex = 0; path = ShopifyUITests.xctest; sourceTree = BUILT_PRODUCTS_DIR; };
		0437714F2A371414006C2233 /* ShopifyUITests.swift */ = {isa = PBXFileReference; lastKnownFileType = sourcecode.swift; path = ShopifyUITests.swift; sourceTree = "<group>"; };
		043771512A371414006C2233 /* ShopifyUITestsLaunchTests.swift */ = {isa = PBXFileReference; lastKnownFileType = sourcecode.swift; path = ShopifyUITestsLaunchTests.swift; sourceTree = "<group>"; };
		043771602A37160C006C2233 /* MyEndPoints.swift */ = {isa = PBXFileReference; lastKnownFileType = sourcecode.swift; path = MyEndPoints.swift; sourceTree = "<group>"; };
		043771622A371619006C2233 /* MyNetwork.swift */ = {isa = PBXFileReference; lastKnownFileType = sourcecode.swift; path = MyNetwork.swift; sourceTree = "<group>"; };
		043771642A371626006C2233 /* MyNetworkProtocol.swift */ = {isa = PBXFileReference; lastKnownFileType = sourcecode.swift; path = MyNetworkProtocol.swift; sourceTree = "<group>"; };
		043771672A371641006C2233 /* DBManger.swift */ = {isa = PBXFileReference; lastKnownFileType = sourcecode.swift; path = DBManger.swift; sourceTree = "<group>"; };
		043771712A371695006C2233 /* CustomerModel.swift */ = {isa = PBXFileReference; lastKnownFileType = sourcecode.swift; path = CustomerModel.swift; sourceTree = "<group>"; };
		043771742A3716CE006C2233 /* ProductInfo.swift */ = {isa = PBXFileReference; lastKnownFileType = sourcecode.swift; path = ProductInfo.swift; sourceTree = "<group>"; };
		04DE935D2A37234A0084F21B /* Network.swift */ = {isa = PBXFileReference; fileEncoding = 4; lastKnownFileType = sourcecode.swift; path = Network.swift; sourceTree = "<group>"; };
		04DE935E2A37234A0084F21B /* NetworkProtocol.swift */ = {isa = PBXFileReference; fileEncoding = 4; lastKnownFileType = sourcecode.swift; path = NetworkProtocol.swift; sourceTree = "<group>"; };
		04DE93612A37234A0084F21B /* RegisterViewModel.swift */ = {isa = PBXFileReference; fileEncoding = 4; lastKnownFileType = sourcecode.swift; path = RegisterViewModel.swift; sourceTree = "<group>"; };
		04DE93632A37234A0084F21B /* LoginViewModel.swift */ = {isa = PBXFileReference; fileEncoding = 4; lastKnownFileType = sourcecode.swift; path = LoginViewModel.swift; sourceTree = "<group>"; };
		04DE936A2A3723DE0084F21B /* WelcomeVC.swift */ = {isa = PBXFileReference; fileEncoding = 4; lastKnownFileType = sourcecode.swift; path = WelcomeVC.swift; sourceTree = "<group>"; };
		04DE936C2A3723DE0084F21B /* LoginVC.swift */ = {isa = PBXFileReference; fileEncoding = 4; lastKnownFileType = sourcecode.swift; path = LoginVC.swift; sourceTree = "<group>"; };
		04DE936E2A3723DE0084F21B /* RegisterVC.swift */ = {isa = PBXFileReference; fileEncoding = 4; lastKnownFileType = sourcecode.swift; path = RegisterVC.swift; sourceTree = "<group>"; };
		04DE93722A3724690084F21B /* Auth.storyboard */ = {isa = PBXFileReference; lastKnownFileType = file.storyboard; path = Auth.storyboard; sourceTree = "<group>"; };
		04DE93752A3725500084F21B /* ProductInfoViewModel.swift */ = {isa = PBXFileReference; fileEncoding = 4; lastKnownFileType = sourcecode.swift; path = ProductInfoViewModel.swift; sourceTree = "<group>"; };
		04DE93782A3725890084F21B /* ProductInfo.storyboard */ = {isa = PBXFileReference; lastKnownFileType = file.storyboard; path = ProductInfo.storyboard; sourceTree = "<group>"; };
		04DE937B2A37260D0084F21B /* ProductImgCell.swift */ = {isa = PBXFileReference; fileEncoding = 4; lastKnownFileType = sourcecode.swift; path = ProductImgCell.swift; sourceTree = "<group>"; };
		04DE937C2A37260D0084F21B /* ReviewsCell.swift */ = {isa = PBXFileReference; fileEncoding = 4; lastKnownFileType = sourcecode.swift; path = ReviewsCell.swift; sourceTree = "<group>"; };
		04DE937D2A37260D0084F21B /* ReviewsCell.xib */ = {isa = PBXFileReference; fileEncoding = 4; lastKnownFileType = file.xib; path = ReviewsCell.xib; sourceTree = "<group>"; };
		04DE937E2A37260D0084F21B /* ProductInfoVC.swift */ = {isa = PBXFileReference; fileEncoding = 4; lastKnownFileType = sourcecode.swift; path = ProductInfoVC.swift; sourceTree = "<group>"; };
		04DE937F2A37260D0084F21B /* ReviewsVC.swift */ = {isa = PBXFileReference; fileEncoding = 4; lastKnownFileType = sourcecode.swift; path = ReviewsVC.swift; sourceTree = "<group>"; };
		04DE93862A3726F50084F21B /* Utilites.swift */ = {isa = PBXFileReference; fileEncoding = 4; lastKnownFileType = sourcecode.swift; path = Utilites.swift; sourceTree = "<group>"; };
/* End PBXFileReference section */

/* Begin PBXFrameworksBuildPhase section */
		043771252A371411006C2233 /* Frameworks */ = {
			isa = PBXFrameworksBuildPhase;
			buildActionMask = 2147483647;
			files = (
				04DE93582A371DC30084F21B /* Alamofire in Frameworks */,
				04DE935B2A371EA40084F21B /* Reachability in Frameworks */,
				04DE93552A371D150084F21B /* Cosmos in Frameworks */,
				04DE934F2A371C5B0084F21B /* Kingfisher in Frameworks */,
			);
			runOnlyForDeploymentPostprocessing = 0;
		};
		0437713E2A371414006C2233 /* Frameworks */ = {
			isa = PBXFrameworksBuildPhase;
			buildActionMask = 2147483647;
			files = (
			);
			runOnlyForDeploymentPostprocessing = 0;
		};
		043771482A371414006C2233 /* Frameworks */ = {
			isa = PBXFrameworksBuildPhase;
			buildActionMask = 2147483647;
			files = (
			);
			runOnlyForDeploymentPostprocessing = 0;
		};
/* End PBXFrameworksBuildPhase section */

/* Begin PBXGroup section */
		0437711F2A371411006C2233 = {
			isa = PBXGroup;
			children = (
				0437712A2A371411006C2233 /* Shopify */,
				043771442A371414006C2233 /* ShopifyTests */,
				0437714E2A371414006C2233 /* ShopifyUITests */,
				043771292A371411006C2233 /* Products */,
			);
			sourceTree = "<group>";
		};
		043771292A371411006C2233 /* Products */ = {
			isa = PBXGroup;
			children = (
				043771282A371411006C2233 /* Shopify.app */,
				043771412A371414006C2233 /* ShopifyTests.xctest */,
				0437714B2A371414006C2233 /* ShopifyUITests.xctest */,
			);
			name = Products;
			sourceTree = "<group>";
		};
		0437712A2A371411006C2233 /* Shopify */ = {
			isa = PBXGroup;
			children = (
				0437715E2A3715C9006C2233 /* Service */,
				04DE93852A3726F50084F21B /* Utlites */,
				043771692A371647006C2233 /* Modules */,
				0437712B2A371411006C2233 /* AppDelegate.swift */,
				0437712D2A371411006C2233 /* SceneDelegate.swift */,
				0437712F2A371411006C2233 /* ViewController.swift */,
				043771312A371411006C2233 /* Main.storyboard */,
				043771372A371413006C2233 /* Assets.xcassets */,
				043771392A371413006C2233 /* LaunchScreen.storyboard */,
				0437713C2A371413006C2233 /* Info.plist */,
				043771342A371411006C2233 /* Shopify.xcdatamodeld */,
			);
			path = Shopify;
			sourceTree = "<group>";
		};
		043771442A371414006C2233 /* ShopifyTests */ = {
			isa = PBXGroup;
			children = (
				043771452A371414006C2233 /* ShopifyTests.swift */,
			);
			path = ShopifyTests;
			sourceTree = "<group>";
		};
		0437714E2A371414006C2233 /* ShopifyUITests */ = {
			isa = PBXGroup;
			children = (
				0437714F2A371414006C2233 /* ShopifyUITests.swift */,
				043771512A371414006C2233 /* ShopifyUITestsLaunchTests.swift */,
			);
			path = ShopifyUITests;
			sourceTree = "<group>";
		};
		0437715E2A3715C9006C2233 /* Service */ = {
			isa = PBXGroup;
			children = (
				043771662A37162C006C2233 /* Cashing */,
				0437715F2A3715D2006C2233 /* Networking */,
			);
			path = Service;
			sourceTree = "<group>";
		};
		0437715F2A3715D2006C2233 /* Networking */ = {
			isa = PBXGroup;
			children = (
				043771602A37160C006C2233 /* MyEndPoints.swift */,
				043771622A371619006C2233 /* MyNetwork.swift */,
				043771642A371626006C2233 /* MyNetworkProtocol.swift */,
			);
			path = Networking;
			sourceTree = "<group>";
		};
		043771662A37162C006C2233 /* Cashing */ = {
			isa = PBXGroup;
			children = (
				043771672A371641006C2233 /* DBManger.swift */,
			);
			path = Cashing;
			sourceTree = "<group>";
		};
		043771692A371647006C2233 /* Modules */ = {
			isa = PBXGroup;
			children = (
				0437716B2A37165B006C2233 /* ProductInfo */,
				0437716A2A371653006C2233 /* Auth */,
			);
			path = Modules;
			sourceTree = "<group>";
		};
		0437716A2A371653006C2233 /* Auth */ = {
			isa = PBXGroup;
			children = (
				04DE93682A3723780084F21B /* View */,
				04DE935C2A37234A0084F21B /* Networking */,
				04DE935F2A37234A0084F21B /* ViewModel */,
				0437716F2A37167F006C2233 /* Model */,
			);
			path = Auth;
			sourceTree = "<group>";
		};
		0437716B2A37165B006C2233 /* ProductInfo */ = {
			isa = PBXGroup;
			children = (
				04DE93772A3725650084F21B /* View */,
				04DE93742A3725500084F21B /* ViewModel */,
				043771732A3716C2006C2233 /* Model */,
			);
			path = ProductInfo;
			sourceTree = "<group>";
		};
		0437716F2A37167F006C2233 /* Model */ = {
			isa = PBXGroup;
			children = (
				043771712A371695006C2233 /* CustomerModel.swift */,
			);
			path = Model;
			sourceTree = "<group>";
		};
		043771732A3716C2006C2233 /* Model */ = {
			isa = PBXGroup;
			children = (
				043771742A3716CE006C2233 /* ProductInfo.swift */,
			);
			path = Model;
			sourceTree = "<group>";
		};
		04DE935C2A37234A0084F21B /* Networking */ = {
			isa = PBXGroup;
			children = (
				04DE935D2A37234A0084F21B /* Network.swift */,
				04DE935E2A37234A0084F21B /* NetworkProtocol.swift */,
			);
			path = Networking;
			sourceTree = "<group>";
		};
		04DE935F2A37234A0084F21B /* ViewModel */ = {
			isa = PBXGroup;
			children = (
				04DE93602A37234A0084F21B /* Register */,
				04DE93622A37234A0084F21B /* Login */,
			);
			path = ViewModel;
			sourceTree = "<group>";
		};
		04DE93602A37234A0084F21B /* Register */ = {
			isa = PBXGroup;
			children = (
				04DE93612A37234A0084F21B /* RegisterViewModel.swift */,
			);
			path = Register;
			sourceTree = "<group>";
		};
		04DE93622A37234A0084F21B /* Login */ = {
			isa = PBXGroup;
			children = (
				04DE93632A37234A0084F21B /* LoginViewModel.swift */,
			);
			path = Login;
			sourceTree = "<group>";
		};
		04DE93682A3723780084F21B /* View */ = {
			isa = PBXGroup;
			children = (
				04DE936B2A3723DE0084F21B /* Login */,
				04DE936D2A3723DE0084F21B /* Register */,
				04DE93692A3723DE0084F21B /* Welcome */,
				04DE93722A3724690084F21B /* Auth.storyboard */,
			);
			path = View;
			sourceTree = "<group>";
		};
		04DE93692A3723DE0084F21B /* Welcome */ = {
			isa = PBXGroup;
			children = (
				04DE936A2A3723DE0084F21B /* WelcomeVC.swift */,
			);
			path = Welcome;
			sourceTree = "<group>";
		};
		04DE936B2A3723DE0084F21B /* Login */ = {
			isa = PBXGroup;
			children = (
				04DE936C2A3723DE0084F21B /* LoginVC.swift */,
			);
			path = Login;
			sourceTree = "<group>";
		};
		04DE936D2A3723DE0084F21B /* Register */ = {
			isa = PBXGroup;
			children = (
				04DE936E2A3723DE0084F21B /* RegisterVC.swift */,
			);
			path = Register;
			sourceTree = "<group>";
		};
		04DE93742A3725500084F21B /* ViewModel */ = {
			isa = PBXGroup;
			children = (
				04DE93752A3725500084F21B /* ProductInfoViewModel.swift */,
			);
			path = ViewModel;
			sourceTree = "<group>";
		};
		04DE93772A3725650084F21B /* View */ = {
			isa = PBXGroup;
			children = (
				04DE937A2A37260D0084F21B /* Cells */,
				04DE937E2A37260D0084F21B /* ProductInfoVC.swift */,
				04DE937F2A37260D0084F21B /* ReviewsVC.swift */,
				04DE93782A3725890084F21B /* ProductInfo.storyboard */,
			);
			path = View;
			sourceTree = "<group>";
		};
		04DE937A2A37260D0084F21B /* Cells */ = {
			isa = PBXGroup;
			children = (
				04DE937B2A37260D0084F21B /* ProductImgCell.swift */,
				04DE937C2A37260D0084F21B /* ReviewsCell.swift */,
				04DE937D2A37260D0084F21B /* ReviewsCell.xib */,
			);
			path = Cells;
			sourceTree = "<group>";
		};
		04DE93852A3726F50084F21B /* Utlites */ = {
			isa = PBXGroup;
			children = (
				04DE93862A3726F50084F21B /* Utilites.swift */,
			);
			path = Utlites;
			sourceTree = "<group>";
		};
/* End PBXGroup section */

/* Begin PBXNativeTarget section */
		043771272A371411006C2233 /* Shopify */ = {
			isa = PBXNativeTarget;
			buildConfigurationList = 043771552A371414006C2233 /* Build configuration list for PBXNativeTarget "Shopify" */;
			buildPhases = (
				043771242A371411006C2233 /* Sources */,
				043771252A371411006C2233 /* Frameworks */,
				043771262A371411006C2233 /* Resources */,
			);
			buildRules = (
			);
			dependencies = (
			);
			name = Shopify;
			packageProductDependencies = (
				04DE934E2A371C5B0084F21B /* Kingfisher */,
				04DE93542A371D150084F21B /* Cosmos */,
				04DE93572A371DC30084F21B /* Alamofire */,
				04DE935A2A371EA40084F21B /* Reachability */,
			);
			productName = Shopify;
			productReference = 043771282A371411006C2233 /* Shopify.app */;
			productType = "com.apple.product-type.application";
		};
		043771402A371414006C2233 /* ShopifyTests */ = {
			isa = PBXNativeTarget;
			buildConfigurationList = 043771582A371414006C2233 /* Build configuration list for PBXNativeTarget "ShopifyTests" */;
			buildPhases = (
				0437713D2A371414006C2233 /* Sources */,
				0437713E2A371414006C2233 /* Frameworks */,
				0437713F2A371414006C2233 /* Resources */,
			);
			buildRules = (
			);
			dependencies = (
				043771432A371414006C2233 /* PBXTargetDependency */,
			);
			name = ShopifyTests;
			productName = ShopifyTests;
			productReference = 043771412A371414006C2233 /* ShopifyTests.xctest */;
			productType = "com.apple.product-type.bundle.unit-test";
		};
		0437714A2A371414006C2233 /* ShopifyUITests */ = {
			isa = PBXNativeTarget;
			buildConfigurationList = 0437715B2A371414006C2233 /* Build configuration list for PBXNativeTarget "ShopifyUITests" */;
			buildPhases = (
				043771472A371414006C2233 /* Sources */,
				043771482A371414006C2233 /* Frameworks */,
				043771492A371414006C2233 /* Resources */,
			);
			buildRules = (
			);
			dependencies = (
				0437714D2A371414006C2233 /* PBXTargetDependency */,
			);
			name = ShopifyUITests;
			productName = ShopifyUITests;
			productReference = 0437714B2A371414006C2233 /* ShopifyUITests.xctest */;
			productType = "com.apple.product-type.bundle.ui-testing";
		};
/* End PBXNativeTarget section */

/* Begin PBXProject section */
		043771202A371411006C2233 /* Project object */ = {
			isa = PBXProject;
			attributes = {
				BuildIndependentTargetsInParallel = 1;
				LastSwiftUpdateCheck = 1410;
				LastUpgradeCheck = 1410;
				TargetAttributes = {
					043771272A371411006C2233 = {
						CreatedOnToolsVersion = 14.1;
					};
					043771402A371414006C2233 = {
						CreatedOnToolsVersion = 14.1;
						TestTargetID = 043771272A371411006C2233;
					};
					0437714A2A371414006C2233 = {
						CreatedOnToolsVersion = 14.1;
						TestTargetID = 043771272A371411006C2233;
					};
				};
			};
			buildConfigurationList = 043771232A371411006C2233 /* Build configuration list for PBXProject "Shopify" */;
			compatibilityVersion = "Xcode 14.0";
			developmentRegion = en;
			hasScannedForEncodings = 0;
			knownRegions = (
				en,
				Base,
			);
			mainGroup = 0437711F2A371411006C2233;
			packageReferences = (
				04DE934D2A371C5B0084F21B /* XCRemoteSwiftPackageReference "Kingfisher" */,
				04DE93532A371D150084F21B /* XCRemoteSwiftPackageReference "Cosmos" */,
				04DE93562A371DC30084F21B /* XCRemoteSwiftPackageReference "Alamofire" */,
				04DE93592A371EA40084F21B /* XCRemoteSwiftPackageReference "Reachability.swift" */,
			);
			productRefGroup = 043771292A371411006C2233 /* Products */;
			projectDirPath = "";
			projectRoot = "";
			targets = (
				043771272A371411006C2233 /* Shopify */,
				043771402A371414006C2233 /* ShopifyTests */,
				0437714A2A371414006C2233 /* ShopifyUITests */,
			);
		};
/* End PBXProject section */

/* Begin PBXResourcesBuildPhase section */
		043771262A371411006C2233 /* Resources */ = {
			isa = PBXResourcesBuildPhase;
			buildActionMask = 2147483647;
			files = (
				04DE93732A3724690084F21B /* Auth.storyboard in Resources */,
				0437713B2A371413006C2233 /* LaunchScreen.storyboard in Resources */,
				04DE93792A3725890084F21B /* ProductInfo.storyboard in Resources */,
				043771382A371413006C2233 /* Assets.xcassets in Resources */,
				043771332A371411006C2233 /* Main.storyboard in Resources */,
				04DE93822A37260D0084F21B /* ReviewsCell.xib in Resources */,
			);
			runOnlyForDeploymentPostprocessing = 0;
		};
		0437713F2A371414006C2233 /* Resources */ = {
			isa = PBXResourcesBuildPhase;
			buildActionMask = 2147483647;
			files = (
			);
			runOnlyForDeploymentPostprocessing = 0;
		};
		043771492A371414006C2233 /* Resources */ = {
			isa = PBXResourcesBuildPhase;
			buildActionMask = 2147483647;
			files = (
			);
			runOnlyForDeploymentPostprocessing = 0;
		};
/* End PBXResourcesBuildPhase section */

/* Begin PBXSourcesBuildPhase section */
		043771242A371411006C2233 /* Sources */ = {
			isa = PBXSourcesBuildPhase;
			buildActionMask = 2147483647;
			files = (
				04DE93762A3725500084F21B /* ProductInfoViewModel.swift in Sources */,
				04DE93812A37260D0084F21B /* ReviewsCell.swift in Sources */,
				043771302A371411006C2233 /* ViewController.swift in Sources */,
				043771682A371641006C2233 /* DBManger.swift in Sources */,
				0437712C2A371411006C2233 /* AppDelegate.swift in Sources */,
				043771752A3716CE006C2233 /* ProductInfo.swift in Sources */,
				04DE93842A37260D0084F21B /* ReviewsVC.swift in Sources */,
				04DE93712A3723DE0084F21B /* RegisterVC.swift in Sources */,
				043771632A371619006C2233 /* MyNetwork.swift in Sources */,
				04DE93832A37260D0084F21B /* ProductInfoVC.swift in Sources */,
				04DE93642A37234B0084F21B /* Network.swift in Sources */,
				04DE936F2A3723DE0084F21B /* WelcomeVC.swift in Sources */,
				04DE93672A37234B0084F21B /* LoginViewModel.swift in Sources */,
				043771652A371626006C2233 /* MyNetworkProtocol.swift in Sources */,
				043771362A371411006C2233 /* Shopify.xcdatamodeld in Sources */,
				04DE93872A3726F50084F21B /* Utilites.swift in Sources */,
				04DE93802A37260D0084F21B /* ProductImgCell.swift in Sources */,
				04DE93702A3723DE0084F21B /* LoginVC.swift in Sources */,
				04DE93662A37234B0084F21B /* RegisterViewModel.swift in Sources */,
				04DE93652A37234B0084F21B /* NetworkProtocol.swift in Sources */,
				0437712E2A371411006C2233 /* SceneDelegate.swift in Sources */,
				043771722A371695006C2233 /* CustomerModel.swift in Sources */,
				043771612A37160C006C2233 /* MyEndPoints.swift in Sources */,
			);
			runOnlyForDeploymentPostprocessing = 0;
		};
		0437713D2A371414006C2233 /* Sources */ = {
			isa = PBXSourcesBuildPhase;
			buildActionMask = 2147483647;
			files = (
				043771462A371414006C2233 /* ShopifyTests.swift in Sources */,
			);
			runOnlyForDeploymentPostprocessing = 0;
		};
		043771472A371414006C2233 /* Sources */ = {
			isa = PBXSourcesBuildPhase;
			buildActionMask = 2147483647;
			files = (
				043771502A371414006C2233 /* ShopifyUITests.swift in Sources */,
				043771522A371414006C2233 /* ShopifyUITestsLaunchTests.swift in Sources */,
			);
			runOnlyForDeploymentPostprocessing = 0;
		};
/* End PBXSourcesBuildPhase section */

/* Begin PBXTargetDependency section */
		043771432A371414006C2233 /* PBXTargetDependency */ = {
			isa = PBXTargetDependency;
			target = 043771272A371411006C2233 /* Shopify */;
			targetProxy = 043771422A371414006C2233 /* PBXContainerItemProxy */;
		};
		0437714D2A371414006C2233 /* PBXTargetDependency */ = {
			isa = PBXTargetDependency;
			target = 043771272A371411006C2233 /* Shopify */;
			targetProxy = 0437714C2A371414006C2233 /* PBXContainerItemProxy */;
		};
/* End PBXTargetDependency section */

/* Begin PBXVariantGroup section */
		043771312A371411006C2233 /* Main.storyboard */ = {
			isa = PBXVariantGroup;
			children = (
				043771322A371411006C2233 /* Base */,
			);
			name = Main.storyboard;
			sourceTree = "<group>";
		};
		043771392A371413006C2233 /* LaunchScreen.storyboard */ = {
			isa = PBXVariantGroup;
			children = (
				0437713A2A371413006C2233 /* Base */,
			);
			name = LaunchScreen.storyboard;
			sourceTree = "<group>";
		};
/* End PBXVariantGroup section */

/* Begin XCBuildConfiguration section */
		043771532A371414006C2233 /* Debug */ = {
			isa = XCBuildConfiguration;
			buildSettings = {
				ALWAYS_SEARCH_USER_PATHS = NO;
				CLANG_ANALYZER_NONNULL = YES;
				CLANG_ANALYZER_NUMBER_OBJECT_CONVERSION = YES_AGGRESSIVE;
				CLANG_CXX_LANGUAGE_STANDARD = "gnu++20";
				CLANG_ENABLE_MODULES = YES;
				CLANG_ENABLE_OBJC_ARC = YES;
				CLANG_ENABLE_OBJC_WEAK = YES;
				CLANG_WARN_BLOCK_CAPTURE_AUTORELEASING = YES;
				CLANG_WARN_BOOL_CONVERSION = YES;
				CLANG_WARN_COMMA = YES;
				CLANG_WARN_CONSTANT_CONVERSION = YES;
				CLANG_WARN_DEPRECATED_OBJC_IMPLEMENTATIONS = YES;
				CLANG_WARN_DIRECT_OBJC_ISA_USAGE = YES_ERROR;
				CLANG_WARN_DOCUMENTATION_COMMENTS = YES;
				CLANG_WARN_EMPTY_BODY = YES;
				CLANG_WARN_ENUM_CONVERSION = YES;
				CLANG_WARN_INFINITE_RECURSION = YES;
				CLANG_WARN_INT_CONVERSION = YES;
				CLANG_WARN_NON_LITERAL_NULL_CONVERSION = YES;
				CLANG_WARN_OBJC_IMPLICIT_RETAIN_SELF = YES;
				CLANG_WARN_OBJC_LITERAL_CONVERSION = YES;
				CLANG_WARN_OBJC_ROOT_CLASS = YES_ERROR;
				CLANG_WARN_QUOTED_INCLUDE_IN_FRAMEWORK_HEADER = YES;
				CLANG_WARN_RANGE_LOOP_ANALYSIS = YES;
				CLANG_WARN_STRICT_PROTOTYPES = YES;
				CLANG_WARN_SUSPICIOUS_MOVE = YES;
				CLANG_WARN_UNGUARDED_AVAILABILITY = YES_AGGRESSIVE;
				CLANG_WARN_UNREACHABLE_CODE = YES;
				CLANG_WARN__DUPLICATE_METHOD_MATCH = YES;
				COPY_PHASE_STRIP = NO;
				DEBUG_INFORMATION_FORMAT = dwarf;
				ENABLE_STRICT_OBJC_MSGSEND = YES;
				ENABLE_TESTABILITY = YES;
				GCC_C_LANGUAGE_STANDARD = gnu11;
				GCC_DYNAMIC_NO_PIC = NO;
				GCC_NO_COMMON_BLOCKS = YES;
				GCC_OPTIMIZATION_LEVEL = 0;
				GCC_PREPROCESSOR_DEFINITIONS = (
					"DEBUG=1",
					"$(inherited)",
				);
				GCC_WARN_64_TO_32_BIT_CONVERSION = YES;
				GCC_WARN_ABOUT_RETURN_TYPE = YES_ERROR;
				GCC_WARN_UNDECLARED_SELECTOR = YES;
				GCC_WARN_UNINITIALIZED_AUTOS = YES_AGGRESSIVE;
				GCC_WARN_UNUSED_FUNCTION = YES;
				GCC_WARN_UNUSED_VARIABLE = YES;
				IPHONEOS_DEPLOYMENT_TARGET = 16.1;
				MTL_ENABLE_DEBUG_INFO = INCLUDE_SOURCE;
				MTL_FAST_MATH = YES;
				ONLY_ACTIVE_ARCH = YES;
				SDKROOT = iphoneos;
				SWIFT_ACTIVE_COMPILATION_CONDITIONS = DEBUG;
				SWIFT_OPTIMIZATION_LEVEL = "-Onone";
			};
			name = Debug;
		};
		043771542A371414006C2233 /* Release */ = {
			isa = XCBuildConfiguration;
			buildSettings = {
				ALWAYS_SEARCH_USER_PATHS = NO;
				CLANG_ANALYZER_NONNULL = YES;
				CLANG_ANALYZER_NUMBER_OBJECT_CONVERSION = YES_AGGRESSIVE;
				CLANG_CXX_LANGUAGE_STANDARD = "gnu++20";
				CLANG_ENABLE_MODULES = YES;
				CLANG_ENABLE_OBJC_ARC = YES;
				CLANG_ENABLE_OBJC_WEAK = YES;
				CLANG_WARN_BLOCK_CAPTURE_AUTORELEASING = YES;
				CLANG_WARN_BOOL_CONVERSION = YES;
				CLANG_WARN_COMMA = YES;
				CLANG_WARN_CONSTANT_CONVERSION = YES;
				CLANG_WARN_DEPRECATED_OBJC_IMPLEMENTATIONS = YES;
				CLANG_WARN_DIRECT_OBJC_ISA_USAGE = YES_ERROR;
				CLANG_WARN_DOCUMENTATION_COMMENTS = YES;
				CLANG_WARN_EMPTY_BODY = YES;
				CLANG_WARN_ENUM_CONVERSION = YES;
				CLANG_WARN_INFINITE_RECURSION = YES;
				CLANG_WARN_INT_CONVERSION = YES;
				CLANG_WARN_NON_LITERAL_NULL_CONVERSION = YES;
				CLANG_WARN_OBJC_IMPLICIT_RETAIN_SELF = YES;
				CLANG_WARN_OBJC_LITERAL_CONVERSION = YES;
				CLANG_WARN_OBJC_ROOT_CLASS = YES_ERROR;
				CLANG_WARN_QUOTED_INCLUDE_IN_FRAMEWORK_HEADER = YES;
				CLANG_WARN_RANGE_LOOP_ANALYSIS = YES;
				CLANG_WARN_STRICT_PROTOTYPES = YES;
				CLANG_WARN_SUSPICIOUS_MOVE = YES;
				CLANG_WARN_UNGUARDED_AVAILABILITY = YES_AGGRESSIVE;
				CLANG_WARN_UNREACHABLE_CODE = YES;
				CLANG_WARN__DUPLICATE_METHOD_MATCH = YES;
				COPY_PHASE_STRIP = NO;
				DEBUG_INFORMATION_FORMAT = "dwarf-with-dsym";
				ENABLE_NS_ASSERTIONS = NO;
				ENABLE_STRICT_OBJC_MSGSEND = YES;
				GCC_C_LANGUAGE_STANDARD = gnu11;
				GCC_NO_COMMON_BLOCKS = YES;
				GCC_WARN_64_TO_32_BIT_CONVERSION = YES;
				GCC_WARN_ABOUT_RETURN_TYPE = YES_ERROR;
				GCC_WARN_UNDECLARED_SELECTOR = YES;
				GCC_WARN_UNINITIALIZED_AUTOS = YES_AGGRESSIVE;
				GCC_WARN_UNUSED_FUNCTION = YES;
				GCC_WARN_UNUSED_VARIABLE = YES;
				IPHONEOS_DEPLOYMENT_TARGET = 16.1;
				MTL_ENABLE_DEBUG_INFO = NO;
				MTL_FAST_MATH = YES;
				SDKROOT = iphoneos;
				SWIFT_COMPILATION_MODE = wholemodule;
				SWIFT_OPTIMIZATION_LEVEL = "-O";
				VALIDATE_PRODUCT = YES;
			};
			name = Release;
		};
		043771562A371414006C2233 /* Debug */ = {
			isa = XCBuildConfiguration;
			buildSettings = {
				ASSETCATALOG_COMPILER_APPICON_NAME = AppIcon;
				ASSETCATALOG_COMPILER_GLOBAL_ACCENT_COLOR_NAME = AccentColor;
				CODE_SIGN_STYLE = Automatic;
				CURRENT_PROJECT_VERSION = 1;
				GENERATE_INFOPLIST_FILE = YES;
				INFOPLIST_FILE = Shopify/Info.plist;
				INFOPLIST_KEY_UIApplicationSupportsIndirectInputEvents = YES;
				INFOPLIST_KEY_UILaunchStoryboardName = LaunchScreen;
				INFOPLIST_KEY_UIMainStoryboardFile = Main;
				INFOPLIST_KEY_UISupportedInterfaceOrientations_iPad = "UIInterfaceOrientationPortrait UIInterfaceOrientationPortraitUpsideDown UIInterfaceOrientationLandscapeLeft UIInterfaceOrientationLandscapeRight";
				INFOPLIST_KEY_UISupportedInterfaceOrientations_iPhone = "UIInterfaceOrientationPortrait UIInterfaceOrientationLandscapeLeft UIInterfaceOrientationLandscapeRight";
				LD_RUNPATH_SEARCH_PATHS = (
					"$(inherited)",
					"@executable_path/Frameworks",
				);
				MARKETING_VERSION = 1.0;
				PRODUCT_BUNDLE_IDENTIFIER = non.Shopify;
				PRODUCT_NAME = "$(TARGET_NAME)";
				SWIFT_EMIT_LOC_STRINGS = YES;
				SWIFT_VERSION = 5.0;
				TARGETED_DEVICE_FAMILY = "1,2";
			};
			name = Debug;
		};
		043771572A371414006C2233 /* Release */ = {
			isa = XCBuildConfiguration;
			buildSettings = {
				ASSETCATALOG_COMPILER_APPICON_NAME = AppIcon;
				ASSETCATALOG_COMPILER_GLOBAL_ACCENT_COLOR_NAME = AccentColor;
				CODE_SIGN_STYLE = Automatic;
				CURRENT_PROJECT_VERSION = 1;
				GENERATE_INFOPLIST_FILE = YES;
				INFOPLIST_FILE = Shopify/Info.plist;
				INFOPLIST_KEY_UIApplicationSupportsIndirectInputEvents = YES;
				INFOPLIST_KEY_UILaunchStoryboardName = LaunchScreen;
				INFOPLIST_KEY_UIMainStoryboardFile = Main;
				INFOPLIST_KEY_UISupportedInterfaceOrientations_iPad = "UIInterfaceOrientationPortrait UIInterfaceOrientationPortraitUpsideDown UIInterfaceOrientationLandscapeLeft UIInterfaceOrientationLandscapeRight";
				INFOPLIST_KEY_UISupportedInterfaceOrientations_iPhone = "UIInterfaceOrientationPortrait UIInterfaceOrientationLandscapeLeft UIInterfaceOrientationLandscapeRight";
				LD_RUNPATH_SEARCH_PATHS = (
					"$(inherited)",
					"@executable_path/Frameworks",
				);
				MARKETING_VERSION = 1.0;
				PRODUCT_BUNDLE_IDENTIFIER = non.Shopify;
				PRODUCT_NAME = "$(TARGET_NAME)";
				SWIFT_EMIT_LOC_STRINGS = YES;
				SWIFT_VERSION = 5.0;
				TARGETED_DEVICE_FAMILY = "1,2";
			};
			name = Release;
		};
		043771592A371414006C2233 /* Debug */ = {
			isa = XCBuildConfiguration;
			buildSettings = {
				ALWAYS_EMBED_SWIFT_STANDARD_LIBRARIES = YES;
				BUNDLE_LOADER = "$(TEST_HOST)";
				CODE_SIGN_STYLE = Automatic;
				CURRENT_PROJECT_VERSION = 1;
				GENERATE_INFOPLIST_FILE = YES;
				IPHONEOS_DEPLOYMENT_TARGET = 16.1;
				MARKETING_VERSION = 1.0;
				PRODUCT_BUNDLE_IDENTIFIER = non.ShopifyTests;
				PRODUCT_NAME = "$(TARGET_NAME)";
				SWIFT_EMIT_LOC_STRINGS = NO;
				SWIFT_VERSION = 5.0;
				TARGETED_DEVICE_FAMILY = "1,2";
				TEST_HOST = "$(BUILT_PRODUCTS_DIR)/Shopify.app/$(BUNDLE_EXECUTABLE_FOLDER_PATH)/Shopify";
			};
			name = Debug;
		};
		0437715A2A371414006C2233 /* Release */ = {
			isa = XCBuildConfiguration;
			buildSettings = {
				ALWAYS_EMBED_SWIFT_STANDARD_LIBRARIES = YES;
				BUNDLE_LOADER = "$(TEST_HOST)";
				CODE_SIGN_STYLE = Automatic;
				CURRENT_PROJECT_VERSION = 1;
				GENERATE_INFOPLIST_FILE = YES;
				IPHONEOS_DEPLOYMENT_TARGET = 16.1;
				MARKETING_VERSION = 1.0;
				PRODUCT_BUNDLE_IDENTIFIER = non.ShopifyTests;
				PRODUCT_NAME = "$(TARGET_NAME)";
				SWIFT_EMIT_LOC_STRINGS = NO;
				SWIFT_VERSION = 5.0;
				TARGETED_DEVICE_FAMILY = "1,2";
				TEST_HOST = "$(BUILT_PRODUCTS_DIR)/Shopify.app/$(BUNDLE_EXECUTABLE_FOLDER_PATH)/Shopify";
			};
			name = Release;
		};
		0437715C2A371414006C2233 /* Debug */ = {
			isa = XCBuildConfiguration;
			buildSettings = {
				ALWAYS_EMBED_SWIFT_STANDARD_LIBRARIES = YES;
				CODE_SIGN_STYLE = Automatic;
				CURRENT_PROJECT_VERSION = 1;
				GENERATE_INFOPLIST_FILE = YES;
				MARKETING_VERSION = 1.0;
				PRODUCT_BUNDLE_IDENTIFIER = non.ShopifyUITests;
				PRODUCT_NAME = "$(TARGET_NAME)";
				SWIFT_EMIT_LOC_STRINGS = NO;
				SWIFT_VERSION = 5.0;
				TARGETED_DEVICE_FAMILY = "1,2";
				TEST_TARGET_NAME = Shopify;
			};
			name = Debug;
		};
		0437715D2A371414006C2233 /* Release */ = {
			isa = XCBuildConfiguration;
			buildSettings = {
				ALWAYS_EMBED_SWIFT_STANDARD_LIBRARIES = YES;
				CODE_SIGN_STYLE = Automatic;
				CURRENT_PROJECT_VERSION = 1;
				GENERATE_INFOPLIST_FILE = YES;
				MARKETING_VERSION = 1.0;
				PRODUCT_BUNDLE_IDENTIFIER = non.ShopifyUITests;
				PRODUCT_NAME = "$(TARGET_NAME)";
				SWIFT_EMIT_LOC_STRINGS = NO;
				SWIFT_VERSION = 5.0;
				TARGETED_DEVICE_FAMILY = "1,2";
				TEST_TARGET_NAME = Shopify;
			};
			name = Release;
		};
/* End XCBuildConfiguration section */

/* Begin XCConfigurationList section */
		043771232A371411006C2233 /* Build configuration list for PBXProject "Shopify" */ = {
			isa = XCConfigurationList;
			buildConfigurations = (
				043771532A371414006C2233 /* Debug */,
				043771542A371414006C2233 /* Release */,
			);
			defaultConfigurationIsVisible = 0;
			defaultConfigurationName = Release;
		};
		043771552A371414006C2233 /* Build configuration list for PBXNativeTarget "Shopify" */ = {
			isa = XCConfigurationList;
			buildConfigurations = (
				043771562A371414006C2233 /* Debug */,
				043771572A371414006C2233 /* Release */,
			);
			defaultConfigurationIsVisible = 0;
			defaultConfigurationName = Release;
		};
		043771582A371414006C2233 /* Build configuration list for PBXNativeTarget "ShopifyTests" */ = {
			isa = XCConfigurationList;
			buildConfigurations = (
				043771592A371414006C2233 /* Debug */,
				0437715A2A371414006C2233 /* Release */,
			);
			defaultConfigurationIsVisible = 0;
			defaultConfigurationName = Release;
		};
		0437715B2A371414006C2233 /* Build configuration list for PBXNativeTarget "ShopifyUITests" */ = {
			isa = XCConfigurationList;
			buildConfigurations = (
				0437715C2A371414006C2233 /* Debug */,
				0437715D2A371414006C2233 /* Release */,
			);
			defaultConfigurationIsVisible = 0;
			defaultConfigurationName = Release;
		};
/* End XCConfigurationList section */

/* Begin XCRemoteSwiftPackageReference section */
		04DE934D2A371C5B0084F21B /* XCRemoteSwiftPackageReference "Kingfisher" */ = {
			isa = XCRemoteSwiftPackageReference;
			repositoryURL = "https://github.com/onevcat/Kingfisher.git";
			requirement = {
				branch = master;
				kind = branch;
			};
		};
		04DE93532A371D150084F21B /* XCRemoteSwiftPackageReference "Cosmos" */ = {
			isa = XCRemoteSwiftPackageReference;
			repositoryURL = "https://github.com/evgenyneu/Cosmos.git";
			requirement = {
				branch = master;
				kind = branch;
			};
		};
		04DE93562A371DC30084F21B /* XCRemoteSwiftPackageReference "Alamofire" */ = {
			isa = XCRemoteSwiftPackageReference;
			repositoryURL = "https://github.com/Alamofire/Alamofire.git";
			requirement = {
				branch = master;
				kind = branch;
			};
		};
		04DE93592A371EA40084F21B /* XCRemoteSwiftPackageReference "Reachability.swift" */ = {
			isa = XCRemoteSwiftPackageReference;
			repositoryURL = "https://github.com/ashleymills/Reachability.swift.git";
			requirement = {
				branch = master;
				kind = branch;
			};
		};
/* End XCRemoteSwiftPackageReference section */

/* Begin XCSwiftPackageProductDependency section */
		04DE934E2A371C5B0084F21B /* Kingfisher */ = {
			isa = XCSwiftPackageProductDependency;
			package = 04DE934D2A371C5B0084F21B /* XCRemoteSwiftPackageReference "Kingfisher" */;
			productName = Kingfisher;
		};
		04DE93542A371D150084F21B /* Cosmos */ = {
			isa = XCSwiftPackageProductDependency;
			package = 04DE93532A371D150084F21B /* XCRemoteSwiftPackageReference "Cosmos" */;
			productName = Cosmos;
		};
		04DE93572A371DC30084F21B /* Alamofire */ = {
			isa = XCSwiftPackageProductDependency;
			package = 04DE93562A371DC30084F21B /* XCRemoteSwiftPackageReference "Alamofire" */;
			productName = Alamofire;
		};
		04DE935A2A371EA40084F21B /* Reachability */ = {
			isa = XCSwiftPackageProductDependency;
			package = 04DE93592A371EA40084F21B /* XCRemoteSwiftPackageReference "Reachability.swift" */;
			productName = Reachability;
		};
/* End XCSwiftPackageProductDependency section */

/* Begin XCVersionGroup section */
		043771342A371411006C2233 /* Shopify.xcdatamodeld */ = {
			isa = XCVersionGroup;
			children = (
				043771352A371411006C2233 /* Shopify.xcdatamodel */,
			);
			currentVersion = 043771352A371411006C2233 /* Shopify.xcdatamodel */;
			path = Shopify.xcdatamodeld;
			sourceTree = "<group>";
			versionGroupType = wrapper.xcdatamodel;
		};
/* End XCVersionGroup section */
	};
	rootObject = 043771202A371411006C2233 /* Project object */;
}
